
Microsoft Visual Studio Solution File, Format Version 12.00
# Visual Studio Version 16
VisualStudioVersion = 16.0.29728.190
MinimumVisualStudioVersion = 10.0.40219.1
Project("{FAE04EC0-301F-11D3-BF4B-00C04F79EFBC}") = "HeadFirstTemplateMethod", "HeadFirstTemplateMethod\HeadFirstTemplateMethod.csproj", "{646E4213-EAF1-4FED-A5D2-7A4D38129CB8}"
EndProject
Global
	GlobalSection(SolutionConfigurationPlatforms) = preSolution
		Debug|Any CPU = Debug|Any CPU
		Release|Any CPU = Release|Any CPU
	EndGlobalSection
	GlobalSection(ProjectConfigurationPlatforms) = postSolution
		{646E4213-EAF1-4FED-A5D2-7A4D38129CB8}.Debug|Any CPU.ActiveCfg = Debug|Any CPU
		{646E4213-EAF1-4FED-A5D2-7A4D38129CB8}.Debug|Any CPU.Build.0 = Debug|Any CPU
		{646E4213-EAF1-4FED-A5D2-7A4D38129CB8}.Release|Any CPU.ActiveCfg = Release|Any CPU
		{646E4213-EAF1-4FED-A5D2-7A4D38129CB8}.Release|Any CPU.Build.0 = Release|Any CPU
	EndGlobalSection
	GlobalSection(SolutionProperties) = preSolution
		HideSolutionNode = FALSE
	EndGlobalSection
	GlobalSection(ExtensibilityGlobals) = postSolution
		SolutionGuid = {340E7E28-3731-4896-83DE-668913261C37}
	EndGlobalSection
EndGlobal
